
Microsoft Visual Studio Solution File, Format Version 12.00
# Visual Studio Version 16
VisualStudioVersion = 16.6.30114.105
MinimumVisualStudioVersion = 10.0.40219.1
Project("{FAE04EC0-301F-11D3-BF4B-00C04F79EFBC}") = "Domain", "Domain\Domain.csproj", "{74A47DB9-1D09-41A1-8D04-0201D7490411}"
EndProject
Project("{FAE04EC0-301F-11D3-BF4B-00C04F79EFBC}") = "Data", "Data\Data.csproj", "{237B43E8-22AA-4092-ACDC-2ADEE3EDA33A}"
EndProject
Project("{FAE04EC0-301F-11D3-BF4B-00C04F79EFBC}") = "Api", "Api\Api.csproj", "{4198563B-944D-4C4C-ACAE-F9AFA37420C2}"
EndProject
Global
	GlobalSection(SolutionConfigurationPlatforms) = preSolution
		Debug|Any CPU = Debug|Any CPU
		Debug|x64 = Debug|x64
		Debug|x86 = Debug|x86
		Release|Any CPU = Release|Any CPU
		Release|x64 = Release|x64
		Release|x86 = Release|x86
	EndGlobalSection
	GlobalSection(SolutionProperties) = preSolution
		HideSolutionNode = FALSE
	EndGlobalSection
	GlobalSection(ProjectConfigurationPlatforms) = postSolution
		{74A47DB9-1D09-41A1-8D04-0201D7490411}.Debug|Any CPU.ActiveCfg = Debug|Any CPU
		{74A47DB9-1D09-41A1-8D04-0201D7490411}.Debug|Any CPU.Build.0 = Debug|Any CPU
		{74A47DB9-1D09-41A1-8D04-0201D7490411}.Debug|x64.ActiveCfg = Debug|Any CPU
		{74A47DB9-1D09-41A1-8D04-0201D7490411}.Debug|x64.Build.0 = Debug|Any CPU
		{74A47DB9-1D09-41A1-8D04-0201D7490411}.Debug|x86.ActiveCfg = Debug|Any CPU
		{74A47DB9-1D09-41A1-8D04-0201D7490411}.Debug|x86.Build.0 = Debug|Any CPU
		{74A47DB9-1D09-41A1-8D04-0201D7490411}.Release|Any CPU.ActiveCfg = Release|Any CPU
		{74A47DB9-1D09-41A1-8D04-0201D7490411}.Release|Any CPU.Build.0 = Release|Any CPU
		{74A47DB9-1D09-41A1-8D04-0201D7490411}.Release|x64.ActiveCfg = Release|Any CPU
		{74A47DB9-1D09-41A1-8D04-0201D7490411}.Release|x64.Build.0 = Release|Any CPU
		{74A47DB9-1D09-41A1-8D04-0201D7490411}.Release|x86.ActiveCfg = Release|Any CPU
		{74A47DB9-1D09-41A1-8D04-0201D7490411}.Release|x86.Build.0 = Release|Any CPU
		{237B43E8-22AA-4092-ACDC-2ADEE3EDA33A}.Debug|Any CPU.ActiveCfg = Debug|Any CPU
		{237B43E8-22AA-4092-ACDC-2ADEE3EDA33A}.Debug|Any CPU.Build.0 = Debug|Any CPU
		{237B43E8-22AA-4092-ACDC-2ADEE3EDA33A}.Debug|x64.ActiveCfg = Debug|Any CPU
		{237B43E8-22AA-4092-ACDC-2ADEE3EDA33A}.Debug|x64.Build.0 = Debug|Any CPU
		{237B43E8-22AA-4092-ACDC-2ADEE3EDA33A}.Debug|x86.ActiveCfg = Debug|Any CPU
		{237B43E8-22AA-4092-ACDC-2ADEE3EDA33A}.Debug|x86.Build.0 = Debug|Any CPU
		{237B43E8-22AA-4092-ACDC-2ADEE3EDA33A}.Release|Any CPU.ActiveCfg = Release|Any CPU
		{237B43E8-22AA-4092-ACDC-2ADEE3EDA33A}.Release|Any CPU.Build.0 = Release|Any CPU
		{237B43E8-22AA-4092-ACDC-2ADEE3EDA33A}.Release|x64.ActiveCfg = Release|Any CPU
		{237B43E8-22AA-4092-ACDC-2ADEE3EDA33A}.Release|x64.Build.0 = Release|Any CPU
		{237B43E8-22AA-4092-ACDC-2ADEE3EDA33A}.Release|x86.ActiveCfg = Release|Any CPU
		{237B43E8-22AA-4092-ACDC-2ADEE3EDA33A}.Release|x86.Build.0 = Release|Any CPU
		{4198563B-944D-4C4C-ACAE-F9AFA37420C2}.Debug|Any CPU.ActiveCfg = Debug|Any CPU
		{4198563B-944D-4C4C-ACAE-F9AFA37420C2}.Debug|Any CPU.Build.0 = Debug|Any CPU
		{4198563B-944D-4C4C-ACAE-F9AFA37420C2}.Debug|x64.ActiveCfg = Debug|Any CPU
		{4198563B-944D-4C4C-ACAE-F9AFA37420C2}.Debug|x64.Build.0 = Debug|Any CPU
		{4198563B-944D-4C4C-ACAE-F9AFA37420C2}.Debug|x86.ActiveCfg = Debug|Any CPU
		{4198563B-944D-4C4C-ACAE-F9AFA37420C2}.Debug|x86.Build.0 = Debug|Any CPU
		{4198563B-944D-4C4C-ACAE-F9AFA37420C2}.Release|Any CPU.ActiveCfg = Release|Any CPU
		{4198563B-944D-4C4C-ACAE-F9AFA37420C2}.Release|Any CPU.Build.0 = Release|Any CPU
		{4198563B-944D-4C4C-ACAE-F9AFA37420C2}.Release|x64.ActiveCfg = Release|Any CPU
		{4198563B-944D-4C4C-ACAE-F9AFA37420C2}.Release|x64.Build.0 = Release|Any CPU
		{4198563B-944D-4C4C-ACAE-F9AFA37420C2}.Release|x86.ActiveCfg = Release|Any CPU
		{4198563B-944D-4C4C-ACAE-F9AFA37420C2}.Release|x86.Build.0 = Release|Any CPU
	EndGlobalSection
EndGlobal
